
Microsoft Visual Studio Solution File, Format Version 12.00
# Visual Studio 14
VisualStudioVersion = 14.0.24720.0
MinimumVisualStudioVersion = 10.0.40219.1
Project("{FAE04EC0-301F-11D3-BF4B-00C04F79EFBC}") = "Funbit.Ets.Telemetry.Server", "Funbit.Ets.Telemetry.Server\Funbit.Ets.Telemetry.Server.csproj", "{5DDDD979-7911-4E6E-877D-4674E3DD7E62}"
EndProject
Project("{262852C6-CD72-467D-83FE-5EEB1973A190}") = "Funbit.Ets.Telemetry.Mobile", "Funbit.Ets.Telemetry.Mobile\Funbit.Ets.Telemetry.Mobile.jsproj", "{39CAD3C7-42AA-4693-A209-F81B1F6C3FD4}"
EndProject
Global
	GlobalSection(SolutionConfigurationPlatforms) = preSolution
		Debug|Android = Debug|Android
		Debug|Any CPU = Debug|Any CPU
		Debug|iOS = Debug|iOS
		Debug|Mixed Platforms = Debug|Mixed Platforms
		Debug|Windows Phone (Universal) = Debug|Windows Phone (Universal)
		Debug|Windows Phone 8 = Debug|Windows Phone 8
		Debug|Windows-AnyCPU = Debug|Windows-AnyCPU
		Debug|Windows-ARM = Debug|Windows-ARM
		Debug|Windows-x64 = Debug|Windows-x64
		Debug|Windows-x86 = Debug|Windows-x86
		Distribution|Android = Distribution|Android
		Distribution|Any CPU = Distribution|Any CPU
		Distribution|iOS = Distribution|iOS
		Distribution|Mixed Platforms = Distribution|Mixed Platforms
		Distribution|Windows Phone (Universal) = Distribution|Windows Phone (Universal)
		Distribution|Windows Phone 8 = Distribution|Windows Phone 8
		Distribution|Windows-AnyCPU = Distribution|Windows-AnyCPU
		Distribution|Windows-ARM = Distribution|Windows-ARM
		Distribution|Windows-x64 = Distribution|Windows-x64
		Distribution|Windows-x86 = Distribution|Windows-x86
		Release|Android = Release|Android
		Release|Any CPU = Release|Any CPU
		Release|iOS = Release|iOS
		Release|Mixed Platforms = Release|Mixed Platforms
		Release|Windows Phone (Universal) = Release|Windows Phone (Universal)
		Release|Windows Phone 8 = Release|Windows Phone 8
		Release|Windows-AnyCPU = Release|Windows-AnyCPU
		Release|Windows-ARM = Release|Windows-ARM
		Release|Windows-x64 = Release|Windows-x64
		Release|Windows-x86 = Release|Windows-x86
	EndGlobalSection
	GlobalSection(ProjectConfigurationPlatforms) = postSolution
		{5DDDD979-7911-4E6E-877D-4674E3DD7E62}.Debug|Android.ActiveCfg = Debug|Any CPU
		{5DDDD979-7911-4E6E-877D-4674E3DD7E62}.Debug|Any CPU.ActiveCfg = Debug|Any CPU
		{5DDDD979-7911-4E6E-877D-4674E3DD7E62}.Debug|Any CPU.Build.0 = Debug|Any CPU
		{5DDDD979-7911-4E6E-877D-4674E3DD7E62}.Debug|iOS.ActiveCfg = Debug|Any CPU
		{5DDDD979-7911-4E6E-877D-4674E3DD7E62}.Debug|Mixed Platforms.ActiveCfg = Debug|Any CPU
		{5DDDD979-7911-4E6E-877D-4674E3DD7E62}.Debug|Mixed Platforms.Build.0 = Debug|Any CPU
		{5DDDD979-7911-4E6E-877D-4674E3DD7E62}.Debug|Windows Phone (Universal).ActiveCfg = Debug|Any CPU
		{5DDDD979-7911-4E6E-877D-4674E3DD7E62}.Debug|Windows Phone 8.ActiveCfg = Debug|Any CPU
		{5DDDD979-7911-4E6E-877D-4674E3DD7E62}.Debug|Windows-AnyCPU.ActiveCfg = Debug|Any CPU
		{5DDDD979-7911-4E6E-877D-4674E3DD7E62}.Debug|Windows-ARM.ActiveCfg = Debug|Any CPU
		{5DDDD979-7911-4E6E-877D-4674E3DD7E62}.Debug|Windows-x64.ActiveCfg = Debug|Any CPU
		{5DDDD979-7911-4E6E-877D-4674E3DD7E62}.Debug|Windows-x86.ActiveCfg = Debug|Any CPU
		{5DDDD979-7911-4E6E-877D-4674E3DD7E62}.Distribution|Android.ActiveCfg = Debug|Any CPU
		{5DDDD979-7911-4E6E-877D-4674E3DD7E62}.Distribution|Any CPU.ActiveCfg = Debug|Any CPU
		{5DDDD979-7911-4E6E-877D-4674E3DD7E62}.Distribution|Any CPU.Build.0 = Debug|Any CPU
		{5DDDD979-7911-4E6E-877D-4674E3DD7E62}.Distribution|iOS.ActiveCfg = Debug|Any CPU
		{5DDDD979-7911-4E6E-877D-4674E3DD7E62}.Distribution|Mixed Platforms.ActiveCfg = Debug|Any CPU
		{5DDDD979-7911-4E6E-877D-4674E3DD7E62}.Distribution|Mixed Platforms.Build.0 = Debug|Any CPU
		{5DDDD979-7911-4E6E-877D-4674E3DD7E62}.Distribution|Windows Phone (Universal).ActiveCfg = Debug|Any CPU
		{5DDDD979-7911-4E6E-877D-4674E3DD7E62}.Distribution|Windows Phone 8.ActiveCfg = Debug|Any CPU
		{5DDDD979-7911-4E6E-877D-4674E3DD7E62}.Distribution|Windows-AnyCPU.ActiveCfg = Debug|Any CPU
		{5DDDD979-7911-4E6E-877D-4674E3DD7E62}.Distribution|Windows-ARM.ActiveCfg = Debug|Any CPU
		{5DDDD979-7911-4E6E-877D-4674E3DD7E62}.Distribution|Windows-x64.ActiveCfg = Debug|Any CPU
		{5DDDD979-7911-4E6E-877D-4674E3DD7E62}.Distribution|Windows-x86.ActiveCfg = Debug|Any CPU
		{5DDDD979-7911-4E6E-877D-4674E3DD7E62}.Release|Android.ActiveCfg = Release|Any CPU
		{5DDDD979-7911-4E6E-877D-4674E3DD7E62}.Release|Any CPU.ActiveCfg = Release|Any CPU
		{5DDDD979-7911-4E6E-877D-4674E3DD7E62}.Release|Any CPU.Build.0 = Release|Any CPU
		{5DDDD979-7911-4E6E-877D-4674E3DD7E62}.Release|iOS.ActiveCfg = Release|Any CPU
		{5DDDD979-7911-4E6E-877D-4674E3DD7E62}.Release|Mixed Platforms.ActiveCfg = Release|Any CPU
		{5DDDD979-7911-4E6E-877D-4674E3DD7E62}.Release|Mixed Platforms.Build.0 = Release|Any CPU
		{5DDDD979-7911-4E6E-877D-4674E3DD7E62}.Release|Windows Phone (Universal).ActiveCfg = Release|Any CPU
		{5DDDD979-7911-4E6E-877D-4674E3DD7E62}.Release|Windows Phone 8.ActiveCfg = Release|Any CPU
		{5DDDD979-7911-4E6E-877D-4674E3DD7E62}.Release|Windows-AnyCPU.ActiveCfg = Release|Any CPU
		{5DDDD979-7911-4E6E-877D-4674E3DD7E62}.Release|Windows-ARM.ActiveCfg = Release|Any CPU
		{5DDDD979-7911-4E6E-877D-4674E3DD7E62}.Release|Windows-x64.ActiveCfg = Release|Any CPU
		{5DDDD979-7911-4E6E-877D-4674E3DD7E62}.Release|Windows-x86.ActiveCfg = Release|Any CPU
		{39CAD3C7-42AA-4693-A209-F81B1F6C3FD4}.Debug|Android.ActiveCfg = Debug|Android
		{39CAD3C7-42AA-4693-A209-F81B1F6C3FD4}.Debug|Android.Build.0 = Debug|Android
		{39CAD3C7-42AA-4693-A209-F81B1F6C3FD4}.Debug|Android.Deploy.0 = Debug|Android
		{39CAD3C7-42AA-4693-A209-F81B1F6C3FD4}.Debug|Any CPU.ActiveCfg = Debug|Android
		{39CAD3C7-42AA-4693-A209-F81B1F6C3FD4}.Debug|iOS.ActiveCfg = Debug|iOS
		{39CAD3C7-42AA-4693-A209-F81B1F6C3FD4}.Debug|iOS.Build.0 = Debug|iOS
		{39CAD3C7-42AA-4693-A209-F81B1F6C3FD4}.Debug|iOS.Deploy.0 = Debug|iOS
		{39CAD3C7-42AA-4693-A209-F81B1F6C3FD4}.Debug|Mixed Platforms.ActiveCfg = Debug|Android
		{39CAD3C7-42AA-4693-A209-F81B1F6C3FD4}.Debug|Mixed Platforms.Build.0 = Debug|Android
		{39CAD3C7-42AA-4693-A209-F81B1F6C3FD4}.Debug|Mixed Platforms.Deploy.0 = Debug|Android
		{39CAD3C7-42AA-4693-A209-F81B1F6C3FD4}.Debug|Windows Phone (Universal).ActiveCfg = Debug|Windows Phone (Universal)
		{39CAD3C7-42AA-4693-A209-F81B1F6C3FD4}.Debug|Windows Phone (Universal).Build.0 = Debug|Windows Phone (Universal)
		{39CAD3C7-42AA-4693-A209-F81B1F6C3FD4}.Debug|Windows Phone (Universal).Deploy.0 = Debug|Windows Phone (Universal)
		{39CAD3C7-42AA-4693-A209-F81B1F6C3FD4}.Debug|Windows Phone 8.ActiveCfg = Debug|Windows Phone 8
		{39CAD3C7-42AA-4693-A209-F81B1F6C3FD4}.Debug|Windows Phone 8.Build.0 = Debug|Windows Phone 8
		{39CAD3C7-42AA-4693-A209-F81B1F6C3FD4}.Debug|Windows Phone 8.Deploy.0 = Debug|Windows Phone 8
		{39CAD3C7-42AA-4693-A209-F81B1F6C3FD4}.Debug|Windows-AnyCPU.ActiveCfg = Debug|Windows-AnyCPU
		{39CAD3C7-42AA-4693-A209-F81B1F6C3FD4}.Debug|Windows-AnyCPU.Build.0 = Debug|Windows-AnyCPU
		{39CAD3C7-42AA-4693-A209-F81B1F6C3FD4}.Debug|Windows-AnyCPU.Deploy.0 = Debug|Windows-AnyCPU
		{39CAD3C7-42AA-4693-A209-F81B1F6C3FD4}.Debug|Windows-ARM.ActiveCfg = Debug|Windows-ARM
		{39CAD3C7-42AA-4693-A209-F81B1F6C3FD4}.Debug|Windows-ARM.Build.0 = Debug|Windows-ARM
		{39CAD3C7-42AA-4693-A209-F81B1F6C3FD4}.Debug|Windows-ARM.Deploy.0 = Debug|Windows-ARM
		{39CAD3C7-42AA-4693-A209-F81B1F6C3FD4}.Debug|Windows-x64.ActiveCfg = Debug|Windows-x64
		{39CAD3C7-42AA-4693-A209-F81B1F6C3FD4}.Debug|Windows-x64.Build.0 = Debug|Windows-x64
		{39CAD3C7-42AA-4693-A209-F81B1F6C3FD4}.Debug|Windows-x64.Deploy.0 = Debug|Windows-x64
		{39CAD3C7-42AA-4693-A209-F81B1F6C3FD4}.Debug|Windows-x86.ActiveCfg = Debug|Windows-x86
		{39CAD3C7-42AA-4693-A209-F81B1F6C3FD4}.Debug|Windows-x86.Build.0 = Debug|Windows-x86
		{39CAD3C7-42AA-4693-A209-F81B1F6C3FD4}.Debug|Windows-x86.Deploy.0 = Debug|Windows-x86
		{39CAD3C7-42AA-4693-A209-F81B1F6C3FD4}.Distribution|Android.ActiveCfg = Debug|Android
		{39CAD3C7-42AA-4693-A209-F81B1F6C3FD4}.Distribution|Android.Build.0 = Debug|Android
		{39CAD3C7-42AA-4693-A209-F81B1F6C3FD4}.Distribution|Android.Deploy.0 = Debug|Android
		{39CAD3C7-42AA-4693-A209-F81B1F6C3FD4}.Distribution|Any CPU.ActiveCfg = Release|Android
		{39CAD3C7-42AA-4693-A209-F81B1F6C3FD4}.Distribution|Any CPU.Build.0 = Release|Android
		{39CAD3C7-42AA-4693-A209-F81B1F6C3FD4}.Distribution|Any CPU.Deploy.0 = Release|Android
		{39CAD3C7-42AA-4693-A209-F81B1F6C3FD4}.Distribution|iOS.ActiveCfg = Debug|iOS
		{39CAD3C7-42AA-4693-A209-F81B1F6C3FD4}.Distribution|iOS.Build.0 = Debug|iOS
		{39CAD3C7-42AA-4693-A209-F81B1F6C3FD4}.Distribution|iOS.Deploy.0 = Debug|iOS
		{39CAD3C7-42AA-4693-A209-F81B1F6C3FD4}.Distribution|Mixed Platforms.ActiveCfg = Debug|Android
		{39CAD3C7-42AA-4693-A209-F81B1F6C3FD4}.Distribution|Mixed Platforms.Build.0 = Debug|Android
		{39CAD3C7-42AA-4693-A209-F81B1F6C3FD4}.Distribution|Mixed Platforms.Deploy.0 = Debug|Android
		{39CAD3C7-42AA-4693-A209-F81B1F6C3FD4}.Distribution|Windows Phone (Universal).ActiveCfg = Debug|Windows Phone (Universal)
		{39CAD3C7-42AA-4693-A209-F81B1F6C3FD4}.Distribution|Windows Phone (Universal).Build.0 = Debug|Windows Phone (Universal)
		{39CAD3C7-42AA-4693-A209-F81B1F6C3FD4}.Distribution|Windows Phone (Universal).Deploy.0 = Debug|Windows Phone (Universal)
		{39CAD3C7-42AA-4693-A209-F81B1F6C3FD4}.Distribution|Windows Phone 8.ActiveCfg = Debug|Windows Phone 8
		{39CAD3C7-42AA-4693-A209-F81B1F6C3FD4}.Distribution|Windows Phone 8.Build.0 = Debug|Windows Phone 8
		{39CAD3C7-42AA-4693-A209-F81B1F6C3FD4}.Distribution|Windows Phone 8.Deploy.0 = Debug|Windows Phone 8
		{39CAD3C7-42AA-4693-A209-F81B1F6C3FD4}.Distribution|Windows-AnyCPU.ActiveCfg = Debug|Windows-AnyCPU
		{39CAD3C7-42AA-4693-A209-F81B1F6C3FD4}.Distribution|Windows-AnyCPU.Build.0 = Debug|Windows-AnyCPU
		{39CAD3C7-42AA-4693-A209-F81B1F6C3FD4}.Distribution|Windows-AnyCPU.Deploy.0 = Debug|Windows-AnyCPU
		{39CAD3C7-42AA-4693-A209-F81B1F6C3FD4}.Distribution|Windows-ARM.ActiveCfg = Debug|Windows-ARM
		{39CAD3C7-42AA-4693-A209-F81B1F6C3FD4}.Distribution|Windows-ARM.Build.0 = Debug|Windows-ARM
		{39CAD3C7-42AA-4693-A209-F81B1F6C3FD4}.Distribution|Windows-ARM.Deploy.0 = Debug|Windows-ARM
		{39CAD3C7-42AA-4693-A209-F81B1F6C3FD4}.Distribution|Windows-x64.ActiveCfg = Debug|Windows-x64
		{39CAD3C7-42AA-4693-A209-F81B1F6C3FD4}.Distribution|Windows-x64.Build.0 = Debug|Windows-x64
		{39CAD3C7-42AA-4693-A209-F81B1F6C3FD4}.Distribution|Windows-x64.Deploy.0 = Debug|Windows-x64
		{39CAD3C7-42AA-4693-A209-F81B1F6C3FD4}.Distribution|Windows-x86.ActiveCfg = Debug|Windows-x86
		{39CAD3C7-42AA-4693-A209-F81B1F6C3FD4}.Distribution|Windows-x86.Build.0 = Debug|Windows-x86
		{39CAD3C7-42AA-4693-A209-F81B1F6C3FD4}.Distribution|Windows-x86.Deploy.0 = Debug|Windows-x86
		{39CAD3C7-42AA-4693-A209-F81B1F6C3FD4}.Release|Android.ActiveCfg = Release|Android
		{39CAD3C7-42AA-4693-A209-F81B1F6C3FD4}.Release|Android.Build.0 = Release|Android
		{39CAD3C7-42AA-4693-A209-F81B1F6C3FD4}.Release|Android.Deploy.0 = Release|Android
		{39CAD3C7-42AA-4693-A209-F81B1F6C3FD4}.Release|Any CPU.ActiveCfg = Release|Android
		{39CAD3C7-42AA-4693-A209-F81B1F6C3FD4}.Release|iOS.ActiveCfg = Release|iOS
		{39CAD3C7-42AA-4693-A209-F81B1F6C3FD4}.Release|iOS.Build.0 = Release|iOS
		{39CAD3C7-42AA-4693-A209-F81B1F6C3FD4}.Release|iOS.Deploy.0 = Release|iOS
		{39CAD3C7-42AA-4693-A209-F81B1F6C3FD4}.Release|Mixed Platforms.ActiveCfg = Release|Android
		{39CAD3C7-42AA-4693-A209-F81B1F6C3FD4}.Release|Mixed Platforms.Build.0 = Release|Android
		{39CAD3C7-42AA-4693-A209-F81B1F6C3FD4}.Release|Mixed Platforms.Deploy.0 = Release|Android
		{39CAD3C7-42AA-4693-A209-F81B1F6C3FD4}.Release|Windows Phone (Universal).ActiveCfg = Release|Windows Phone (Universal)
		{39CAD3C7-42AA-4693-A209-F81B1F6C3FD4}.Release|Windows Phone (Universal).Build.0 = Release|Windows Phone (Universal)
		{39CAD3C7-42AA-4693-A209-F81B1F6C3FD4}.Release|Windows Phone (Universal).Deploy.0 = Release|Windows Phone (Universal)
		{39CAD3C7-42AA-4693-A209-F81B1F6C3FD4}.Release|Windows Phone 8.ActiveCfg = Release|Windows Phone 8
		{39CAD3C7-42AA-4693-A209-F81B1F6C3FD4}.Release|Windows Phone 8.Build.0 = Release|Windows Phone 8
		{39CAD3C7-42AA-4693-A209-F81B1F6C3FD4}.Release|Windows Phone 8.Deploy.0 = Release|Windows Phone 8
		{39CAD3C7-42AA-4693-A209-F81B1F6C3FD4}.Release|Windows-AnyCPU.ActiveCfg = Release|Windows-AnyCPU
		{39CAD3C7-42AA-4693-A209-F81B1F6C3FD4}.Release|Windows-AnyCPU.Build.0 = Release|Windows-AnyCPU
		{39CAD3C7-42AA-4693-A209-F81B1F6C3FD4}.Release|Windows-AnyCPU.Deploy.0 = Release|Windows-AnyCPU
		{39CAD3C7-42AA-4693-A209-F81B1F6C3FD4}.Release|Windows-ARM.ActiveCfg = Release|Windows-ARM
		{39CAD3C7-42AA-4693-A209-F81B1F6C3FD4}.Release|Windows-ARM.Build.0 = Release|Windows-ARM
		{39CAD3C7-42AA-4693-A209-F81B1F6C3FD4}.Release|Windows-ARM.Deploy.0 = Release|Windows-ARM
		{39CAD3C7-42AA-4693-A209-F81B1F6C3FD4}.Release|Windows-x64.ActiveCfg = Release|Windows-x64
		{39CAD3C7-42AA-4693-A209-F81B1F6C3FD4}.Release|Windows-x64.Build.0 = Release|Windows-x64
		{39CAD3C7-42AA-4693-A209-F81B1F6C3FD4}.Release|Windows-x64.Deploy.0 = Release|Windows-x64
		{39CAD3C7-42AA-4693-A209-F81B1F6C3FD4}.Release|Windows-x86.ActiveCfg = Release|Windows-x86
		{39CAD3C7-42AA-4693-A209-F81B1F6C3FD4}.Release|Windows-x86.Build.0 = Release|Windows-x86
		{39CAD3C7-42AA-4693-A209-F81B1F6C3FD4}.Release|Windows-x86.Deploy.0 = Release|Windows-x86
	EndGlobalSection
	GlobalSection(SolutionProperties) = preSolution
		HideSolutionNode = FALSE
	EndGlobalSection
EndGlobal
